
Microsoft Visual Studio Solution File, Format Version 12.00
# Visual Studio Version 17
VisualStudioVersion = 17.12.35527.113
MinimumVisualStudioVersion = 10.0.40219.1
Project("{2150E333-8FDC-42A3-9474-1A3956D46DE8}") = "services", "services", "{57A00070-8EF5-47D4-8B69-D2B68B3F8B10}"
EndProject
Project("{FAE04EC0-301F-11D3-BF4B-00C04F79EFBC}") = "ProfileServices", "ProfileServices\ProfileServices.csproj", "{8BB9999A-E04B-4432-B69C-5B99E54B90F6}"
EndProject
Global
	GlobalSection(SolutionConfigurationPlatforms) = preSolution
		Debug|Any CPU = Debug|Any CPU
		Release|Any CPU = Release|Any CPU
	EndGlobalSection
	GlobalSection(ProjectConfigurationPlatforms) = postSolution
		{8BB9999A-E04B-4432-B69C-5B99E54B90F6}.Debug|Any CPU.ActiveCfg = Debug|Any CPU
		{8BB9999A-E04B-4432-B69C-5B99E54B90F6}.Debug|Any CPU.Build.0 = Debug|Any CPU
		{8BB9999A-E04B-4432-B69C-5B99E54B90F6}.Release|Any CPU.ActiveCfg = Release|Any CPU
		{8BB9999A-E04B-4432-B69C-5B99E54B90F6}.Release|Any CPU.Build.0 = Release|Any CPU
	EndGlobalSection
	GlobalSection(SolutionProperties) = preSolution
		HideSolutionNode = FALSE
	EndGlobalSection
	GlobalSection(NestedProjects) = preSolution
		{8BB9999A-E04B-4432-B69C-5B99E54B90F6} = {57A00070-8EF5-47D4-8B69-D2B68B3F8B10}
	EndGlobalSection
EndGlobal
